
Microsoft Visual Studio Solution File, Format Version 12.00
Project("{FAE04EC0-301F-11D3-BF4B-00C04F79EFBC}") = "PatternMatchingInsideOut", "PatternMatchingInsideOut.csproj", "{13C1EC42-AF00-49BA-9350-9C4C26252A90}"
EndProject
Global
	GlobalSection(SolutionConfigurationPlatforms) = preSolution
		Debug|Any CPU = Debug|Any CPU
		Release|Any CPU = Release|Any CPU
	EndGlobalSection
	GlobalSection(ProjectConfigurationPlatforms) = postSolution
		{13C1EC42-AF00-49BA-9350-9C4C26252A90}.Debug|Any CPU.ActiveCfg = Debug|Any CPU
		{13C1EC42-AF00-49BA-9350-9C4C26252A90}.Debug|Any CPU.Build.0 = Debug|Any CPU
		{13C1EC42-AF00-49BA-9350-9C4C26252A90}.Release|Any CPU.ActiveCfg = Release|Any CPU
		{13C1EC42-AF00-49BA-9350-9C4C26252A90}.Release|Any CPU.Build.0 = Release|Any CPU
	EndGlobalSection
EndGlobal
